// !$*UTF8*$!
{
	archiveVersion = 1;
	classes = {
	};
	objectVersion = 50;
	objects = {

/* Begin PBXBuildFile section */
		1A7DEBA12271C6C100152400 /* AppDelegate.swift in Sources */ = {isa = PBXBuildFile; fileRef = 1A7DEBA02271C6C100152400 /* AppDelegate.swift */; };
		1A7DEBA32271C6C100152400 /* ViewController.swift in Sources */ = {isa = PBXBuildFile; fileRef = 1A7DEBA22271C6C100152400 /* ViewController.swift */; };
		1A7DEBA62271C6C100152400 /* Main.storyboard in Resources */ = {isa = PBXBuildFile; fileRef = 1A7DEBA42271C6C100152400 /* Main.storyboard */; };
		1A7DEBA82271C6C300152400 /* Assets.xcassets in Resources */ = {isa = PBXBuildFile; fileRef = 1A7DEBA72271C6C300152400 /* Assets.xcassets */; };
		1A7DEBAB2271C6C300152400 /* LaunchScreen.storyboard in Resources */ = {isa = PBXBuildFile; fileRef = 1A7DEBA92271C6C300152400 /* LaunchScreen.storyboard */; };
		1A7DEBB02271C6C300152400 /* TestWatchApplication WatchKit App.app in Embed Watch Content */ = {isa = PBXBuildFile; fileRef = 1A7DEBAF2271C6C300152400 /* TestWatchApplication WatchKit App.app */; };
		1A7DEBB62271C6C300152400 /* Interface.storyboard in Resources */ = {isa = PBXBuildFile; fileRef = 1A7DEBB42271C6C300152400 /* Interface.storyboard */; };
		1A7DEBB82271C6C400152400 /* Assets.xcassets in Resources */ = {isa = PBXBuildFile; fileRef = 1A7DEBB72271C6C400152400 /* Assets.xcassets */; };
		1A7DEBBF2271C6C400152400 /* TestWatchApplication WatchKit Extension.appex in Embed App Extensions */ = {isa = PBXBuildFile; fileRef = 1A7DEBBE2271C6C400152400 /* TestWatchApplication WatchKit Extension.appex */; settings = {ATTRIBUTES = (RemoveHeadersOnCopy, ); }; };
		1A7DEBC62271C6C400152400 /* ExtensionDelegate.swift in Sources */ = {isa = PBXBuildFile; fileRef = 1A7DEBC52271C6C400152400 /* ExtensionDelegate.swift */; };
		1A7DEBC82271C6C400152400 /* Assets.xcassets in Resources */ = {isa = PBXBuildFile; fileRef = 1A7DEBC72271C6C400152400 /* Assets.xcassets */; };
		1A7DEBDA2271D39200152400 /* InterfaceController.swift in Sources */ = {isa = PBXBuildFile; fileRef = 1A7DEBD92271D39200152400 /* InterfaceController.swift */; };
/* End PBXBuildFile section */

/* Begin PBXContainerItemProxy section */
		1A7DEBB12271C6C300152400 /* PBXContainerItemProxy */ = {
			isa = PBXContainerItemProxy;
			containerPortal = 1A7DEB952271C6C100152400 /* Project object */;
			proxyType = 1;
			remoteGlobalIDString = 1A7DEBAE2271C6C300152400;
			remoteInfo = "TestWatchApplication WatchKit App";
		};
		1A7DEBC02271C6C400152400 /* PBXContainerItemProxy */ = {
			isa = PBXContainerItemProxy;
			containerPortal = 1A7DEB952271C6C100152400 /* Project object */;
			proxyType = 1;
			remoteGlobalIDString = 1A7DEBBD2271C6C400152400;
			remoteInfo = "TestWatchApplication WatchKit Extension";
		};
/* End PBXContainerItemProxy section */

/* Begin PBXCopyFilesBuildPhase section */
		1A7DEBCF2271C6C400152400 /* Embed App Extensions */ = {
			isa = PBXCopyFilesBuildPhase;
			buildActionMask = 2147483647;
			dstPath = "";
			dstSubfolderSpec = 13;
			files = (
				1A7DEBBF2271C6C400152400 /* TestWatchApplication WatchKit Extension.appex in Embed App Extensions */,
			);
			name = "Embed App Extensions";
			runOnlyForDeploymentPostprocessing = 0;
		};
		1A7DEBD32271C6C400152400 /* Embed Watch Content */ = {
			isa = PBXCopyFilesBuildPhase;
			buildActionMask = 2147483647;
			dstPath = "$(CONTENTS_FOLDER_PATH)/Watch";
			dstSubfolderSpec = 16;
			files = (
				1A7DEBB02271C6C300152400 /* TestWatchApplication WatchKit App.app in Embed Watch Content */,
			);
			name = "Embed Watch Content";
			runOnlyForDeploymentPostprocessing = 0;
		};
/* End PBXCopyFilesBuildPhase section */

/* Begin PBXFileReference section */
		1A55788D2271E14400BE86B1 /* TestWatchApplication.entitlements */ = {isa = PBXFileReference; lastKnownFileType = text.plist.entitlements; path = TestWatchApplication.entitlements; sourceTree = "<group>"; };
		1A7DEB9D2271C6C100152400 /* TestWatchApplication.app */ = {isa = PBXFileReference; explicitFileType = wrapper.application; includeInIndex = 0; path = TestWatchApplication.app; sourceTree = BUILT_PRODUCTS_DIR; };
		1A7DEBA02271C6C100152400 /* AppDelegate.swift */ = {isa = PBXFileReference; lastKnownFileType = sourcecode.swift; path = AppDelegate.swift; sourceTree = "<group>"; };
		1A7DEBA22271C6C100152400 /* ViewController.swift */ = {isa = PBXFileReference; lastKnownFileType = sourcecode.swift; path = ViewController.swift; sourceTree = "<group>"; };
		1A7DEBA52271C6C100152400 /* Base */ = {isa = PBXFileReference; lastKnownFileType = file.storyboard; name = Base; path = Base.lproj/Main.storyboard; sourceTree = "<group>"; };
		1A7DEBA72271C6C300152400 /* Assets.xcassets */ = {isa = PBXFileReference; lastKnownFileType = folder.assetcatalog; path = Assets.xcassets; sourceTree = "<group>"; };
		1A7DEBAA2271C6C300152400 /* Base */ = {isa = PBXFileReference; lastKnownFileType = file.storyboard; name = Base; path = Base.lproj/LaunchScreen.storyboard; sourceTree = "<group>"; };
		1A7DEBAC2271C6C300152400 /* Info.plist */ = {isa = PBXFileReference; lastKnownFileType = text.plist.xml; path = Info.plist; sourceTree = "<group>"; };
		1A7DEBAF2271C6C300152400 /* TestWatchApplication WatchKit App.app */ = {isa = PBXFileReference; explicitFileType = wrapper.application; includeInIndex = 0; path = "TestWatchApplication WatchKit App.app"; sourceTree = BUILT_PRODUCTS_DIR; };
		1A7DEBB52271C6C300152400 /* Base */ = {isa = PBXFileReference; lastKnownFileType = file.storyboard; name = Base; path = Base.lproj/Interface.storyboard; sourceTree = "<group>"; };
		1A7DEBB72271C6C400152400 /* Assets.xcassets */ = {isa = PBXFileReference; lastKnownFileType = folder.assetcatalog; path = Assets.xcassets; sourceTree = "<group>"; };
		1A7DEBB92271C6C400152400 /* Info.plist */ = {isa = PBXFileReference; lastKnownFileType = text.plist.xml; path = Info.plist; sourceTree = "<group>"; };
		1A7DEBBE2271C6C400152400 /* TestWatchApplication WatchKit Extension.appex */ = {isa = PBXFileReference; explicitFileType = "wrapper.app-extension"; includeInIndex = 0; path = "TestWatchApplication WatchKit Extension.appex"; sourceTree = BUILT_PRODUCTS_DIR; };
		1A7DEBC52271C6C400152400 /* ExtensionDelegate.swift */ = {isa = PBXFileReference; lastKnownFileType = sourcecode.swift; path = ExtensionDelegate.swift; sourceTree = "<group>"; };
		1A7DEBC72271C6C400152400 /* Assets.xcassets */ = {isa = PBXFileReference; lastKnownFileType = folder.assetcatalog; path = Assets.xcassets; sourceTree = "<group>"; };
		1A7DEBC92271C6C400152400 /* Info.plist */ = {isa = PBXFileReference; lastKnownFileType = text.plist.xml; path = Info.plist; sourceTree = "<group>"; };
		1A7DEBD92271D39200152400 /* InterfaceController.swift */ = {isa = PBXFileReference; lastKnownFileType = sourcecode.swift; path = InterfaceController.swift; sourceTree = "<group>"; };
/* End PBXFileReference section */

/* Begin PBXFrameworksBuildPhase section */
		1A7DEB9A2271C6C100152400 /* Frameworks */ = {
			isa = PBXFrameworksBuildPhase;
			buildActionMask = 2147483647;
			files = (
			);
			runOnlyForDeploymentPostprocessing = 0;
		};
		1A7DEBBB2271C6C400152400 /* Frameworks */ = {
			isa = PBXFrameworksBuildPhase;
			buildActionMask = 2147483647;
			files = (
			);
			runOnlyForDeploymentPostprocessing = 0;
		};
/* End PBXFrameworksBuildPhase section */

/* Begin PBXGroup section */
		1A7DEB942271C6C100152400 = {
			isa = PBXGroup;
			children = (
				1A7DEB9F2271C6C100152400 /* TestWatchApplication */,
				1A7DEBB32271C6C300152400 /* TestWatchApplication WatchKit App */,
				1A7DEBC22271C6C400152400 /* TestWatchApplication WatchKit Extension */,
				1A7DEB9E2271C6C100152400 /* Products */,
			);
			sourceTree = "<group>";
		};
		1A7DEB9E2271C6C100152400 /* Products */ = {
			isa = PBXGroup;
			children = (
				1A7DEB9D2271C6C100152400 /* TestWatchApplication.app */,
				1A7DEBAF2271C6C300152400 /* TestWatchApplication WatchKit App.app */,
				1A7DEBBE2271C6C400152400 /* TestWatchApplication WatchKit Extension.appex */,
			);
			name = Products;
			sourceTree = "<group>";
		};
		1A7DEB9F2271C6C100152400 /* TestWatchApplication */ = {
			isa = PBXGroup;
			children = (
				1A55788D2271E14400BE86B1 /* TestWatchApplication.entitlements */,
				1A7DEBA02271C6C100152400 /* AppDelegate.swift */,
				1A7DEBA22271C6C100152400 /* ViewController.swift */,
				1A7DEBA42271C6C100152400 /* Main.storyboard */,
				1A7DEBA72271C6C300152400 /* Assets.xcassets */,
				1A7DEBA92271C6C300152400 /* LaunchScreen.storyboard */,
				1A7DEBAC2271C6C300152400 /* Info.plist */,
			);
			path = TestWatchApplication;
			sourceTree = "<group>";
		};
		1A7DEBB32271C6C300152400 /* TestWatchApplication WatchKit App */ = {
			isa = PBXGroup;
			children = (
				1A7DEBB42271C6C300152400 /* Interface.storyboard */,
				1A7DEBB72271C6C400152400 /* Assets.xcassets */,
				1A7DEBB92271C6C400152400 /* Info.plist */,
			);
			path = "TestWatchApplication WatchKit App";
			sourceTree = "<group>";
		};
		1A7DEBC22271C6C400152400 /* TestWatchApplication WatchKit Extension */ = {
			isa = PBXGroup;
			children = (
				1A7DEBD92271D39200152400 /* InterfaceController.swift */,
				1A7DEBC52271C6C400152400 /* ExtensionDelegate.swift */,
				1A7DEBC72271C6C400152400 /* Assets.xcassets */,
				1A7DEBC92271C6C400152400 /* Info.plist */,
			);
			path = "TestWatchApplication WatchKit Extension";
			sourceTree = "<group>";
		};
/* End PBXGroup section */

/* Begin PBXNativeTarget section */
		1A7DEB9C2271C6C100152400 /* TestWatchApplication */ = {
			isa = PBXNativeTarget;
			buildConfigurationList = 1A7DEBD42271C6C400152400 /* Build configuration list for PBXNativeTarget "TestWatchApplication" */;
			buildPhases = (
				1A7DEB992271C6C100152400 /* Sources */,
				1A7DEB9A2271C6C100152400 /* Frameworks */,
				1A7DEB9B2271C6C100152400 /* Resources */,
				1A7DEBD32271C6C400152400 /* Embed Watch Content */,
			);
			buildRules = (
			);
			dependencies = (
				1A7DEBB22271C6C300152400 /* PBXTargetDependency */,
			);
			name = TestWatchApplication;
			productName = TestWatchApplication;
			productReference = 1A7DEB9D2271C6C100152400 /* TestWatchApplication.app */;
			productType = "com.apple.product-type.application";
		};
		1A7DEBAE2271C6C300152400 /* TestWatchApplication WatchKit App */ = {
			isa = PBXNativeTarget;
			buildConfigurationList = 1A7DEBD02271C6C400152400 /* Build configuration list for PBXNativeTarget "TestWatchApplication WatchKit App" */;
			buildPhases = (
				1A7DEBAD2271C6C300152400 /* Resources */,
				1A7DEBCF2271C6C400152400 /* Embed App Extensions */,
			);
			buildRules = (
			);
			dependencies = (
				1A7DEBC12271C6C400152400 /* PBXTargetDependency */,
			);
			name = "TestWatchApplication WatchKit App";
			productName = "TestWatchApplication WatchKit App";
			productReference = 1A7DEBAF2271C6C300152400 /* TestWatchApplication WatchKit App.app */;
			productType = "com.apple.product-type.application.watchapp2";
		};
		1A7DEBBD2271C6C400152400 /* TestWatchApplication WatchKit Extension */ = {
			isa = PBXNativeTarget;
			buildConfigurationList = 1A7DEBCC2271C6C400152400 /* Build configuration list for PBXNativeTarget "TestWatchApplication WatchKit Extension" */;
			buildPhases = (
				1A7DEBBA2271C6C400152400 /* Sources */,
				1A7DEBBB2271C6C400152400 /* Frameworks */,
				1A7DEBBC2271C6C400152400 /* Resources */,
			);
			buildRules = (
			);
			dependencies = (
			);
			name = "TestWatchApplication WatchKit Extension";
			productName = "TestWatchApplication WatchKit Extension";
			productReference = 1A7DEBBE2271C6C400152400 /* TestWatchApplication WatchKit Extension.appex */;
			productType = "com.apple.product-type.watchkit2-extension";
		};
/* End PBXNativeTarget section */

/* Begin PBXProject section */
		1A7DEB952271C6C100152400 /* Project object */ = {
			isa = PBXProject;
			attributes = {
				LastSwiftUpdateCheck = 1020;
				LastUpgradeCheck = 1020;
				ORGANIZATIONNAME = my;
				TargetAttributes = {
					1A7DEB9C2271C6C100152400 = {
						CreatedOnToolsVersion = 10.2;
						SystemCapabilities = {
							com.apple.ApplicationGroups.iOS = {
								enabled = 1;
							};
						};
					};
					1A7DEBAE2271C6C300152400 = {
						CreatedOnToolsVersion = 10.2;
					};
					1A7DEBBD2271C6C400152400 = {
						CreatedOnToolsVersion = 10.2;
					};
				};
			};
			buildConfigurationList = 1A7DEB982271C6C100152400 /* Build configuration list for PBXProject "TestWatchApplication" */;
			compatibilityVersion = "Xcode 9.3";
			developmentRegion = en;
			hasScannedForEncodings = 0;
			knownRegions = (
				en,
				Base,
			);
			mainGroup = 1A7DEB942271C6C100152400;
			productRefGroup = 1A7DEB9E2271C6C100152400 /* Products */;
			projectDirPath = "";
			projectRoot = "";
			targets = (
				1A7DEB9C2271C6C100152400 /* TestWatchApplication */,
				1A7DEBAE2271C6C300152400 /* TestWatchApplication WatchKit App */,
				1A7DEBBD2271C6C400152400 /* TestWatchApplication WatchKit Extension */,
			);
		};
/* End PBXProject section */

/* Begin PBXResourcesBuildPhase section */
		1A7DEB9B2271C6C100152400 /* Resources */ = {
			isa = PBXResourcesBuildPhase;
			buildActionMask = 2147483647;
			files = (
				1A7DEBAB2271C6C300152400 /* LaunchScreen.storyboard in Resources */,
				1A7DEBA82271C6C300152400 /* Assets.xcassets in Resources */,
				1A7DEBA62271C6C100152400 /* Main.storyboard in Resources */,
			);
			runOnlyForDeploymentPostprocessing = 0;
		};
		1A7DEBAD2271C6C300152400 /* Resources */ = {
			isa = PBXResourcesBuildPhase;
			buildActionMask = 2147483647;
			files = (
				1A7DEBB82271C6C400152400 /* Assets.xcassets in Resources */,
				1A7DEBB62271C6C300152400 /* Interface.storyboard in Resources */,
			);
			runOnlyForDeploymentPostprocessing = 0;
		};
		1A7DEBBC2271C6C400152400 /* Resources */ = {
			isa = PBXResourcesBuildPhase;
			buildActionMask = 2147483647;
			files = (
				1A7DEBC82271C6C400152400 /* Assets.xcassets in Resources */,
			);
			runOnlyForDeploymentPostprocessing = 0;
		};
/* End PBXResourcesBuildPhase section */

/* Begin PBXSourcesBuildPhase section */
		1A7DEB992271C6C100152400 /* Sources */ = {
			isa = PBXSourcesBuildPhase;
			buildActionMask = 2147483647;
			files = (
				1A7DEBA32271C6C100152400 /* ViewController.swift in Sources */,
				1A7DEBA12271C6C100152400 /* AppDelegate.swift in Sources */,
			);
			runOnlyForDeploymentPostprocessing = 0;
		};
		1A7DEBBA2271C6C400152400 /* Sources */ = {
			isa = PBXSourcesBuildPhase;
			buildActionMask = 2147483647;
			files = (
				1A7DEBC62271C6C400152400 /* ExtensionDelegate.swift in Sources */,
				1A7DEBDA2271D39200152400 /* InterfaceController.swift in Sources */,
			);
			runOnlyForDeploymentPostprocessing = 0;
		};
/* End PBXSourcesBuildPhase section */

/* Begin PBXTargetDependency section */
		1A7DEBB22271C6C300152400 /* PBXTargetDependency */ = {
			isa = PBXTargetDependency;
			target = 1A7DEBAE2271C6C300152400 /* TestWatchApplication WatchKit App */;
			targetProxy = 1A7DEBB12271C6C300152400 /* PBXContainerItemProxy */;
		};
		1A7DEBC12271C6C400152400 /* PBXTargetDependency */ = {
			isa = PBXTargetDependency;
			target = 1A7DEBBD2271C6C400152400 /* TestWatchApplication WatchKit Extension */;
			targetProxy = 1A7DEBC02271C6C400152400 /* PBXContainerItemProxy */;
		};
/* End PBXTargetDependency section */

/* Begin PBXVariantGroup section */
		1A7DEBA42271C6C100152400 /* Main.storyboard */ = {
			isa = PBXVariantGroup;
			children = (
				1A7DEBA52271C6C100152400 /* Base */,
			);
			name = Main.storyboard;
			sourceTree = "<group>";
		};
		1A7DEBA92271C6C300152400 /* LaunchScreen.storyboard */ = {
			isa = PBXVariantGroup;
			children = (
				1A7DEBAA2271C6C300152400 /* Base */,
			);
			name = LaunchScreen.storyboard;
			sourceTree = "<group>";
		};
		1A7DEBB42271C6C300152400 /* Interface.storyboard */ = {
			isa = PBXVariantGroup;
			children = (
				1A7DEBB52271C6C300152400 /* Base */,
			);
			name = Interface.storyboard;
			sourceTree = "<group>";
		};
/* End PBXVariantGroup section */

/* Begin XCBuildConfiguration section */
		1A7DEBCA2271C6C400152400 /* Debug */ = {
			isa = XCBuildConfiguration;
			buildSettings = {
				ALWAYS_SEARCH_USER_PATHS = NO;
				CLANG_ANALYZER_NONNULL = YES;
				CLANG_ANALYZER_NUMBER_OBJECT_CONVERSION = YES_AGGRESSIVE;
				CLANG_CXX_LANGUAGE_STANDARD = "gnu++14";
				CLANG_CXX_LIBRARY = "libc++";
				CLANG_ENABLE_MODULES = YES;
				CLANG_ENABLE_OBJC_ARC = YES;
				CLANG_ENABLE_OBJC_WEAK = YES;
				CLANG_WARN_BLOCK_CAPTURE_AUTORELEASING = YES;
				CLANG_WARN_BOOL_CONVERSION = YES;
				CLANG_WARN_COMMA = YES;
				CLANG_WARN_CONSTANT_CONVERSION = YES;
				CLANG_WARN_DEPRECATED_OBJC_IMPLEMENTATIONS = YES;
				CLANG_WARN_DIRECT_OBJC_ISA_USAGE = YES_ERROR;
				CLANG_WARN_DOCUMENTATION_COMMENTS = YES;
				CLANG_WARN_EMPTY_BODY = YES;
				CLANG_WARN_ENUM_CONVERSION = YES;
				CLANG_WARN_INFINITE_RECURSION = YES;
				CLANG_WARN_INT_CONVERSION = YES;
				CLANG_WARN_NON_LITERAL_NULL_CONVERSION = YES;
				CLANG_WARN_OBJC_IMPLICIT_RETAIN_SELF = YES;
				CLANG_WARN_OBJC_LITERAL_CONVERSION = YES;
				CLANG_WARN_OBJC_ROOT_CLASS = YES_ERROR;
				CLANG_WARN_RANGE_LOOP_ANALYSIS = YES;
				CLANG_WARN_STRICT_PROTOTYPES = YES;
				CLANG_WARN_SUSPICIOUS_MOVE = YES;
				CLANG_WARN_UNGUARDED_AVAILABILITY = YES_AGGRESSIVE;
				CLANG_WARN_UNREACHABLE_CODE = YES;
				CLANG_WARN__DUPLICATE_METHOD_MATCH = YES;
				CODE_SIGN_IDENTITY = "iPhone Developer";
				COPY_PHASE_STRIP = NO;
				DEBUG_INFORMATION_FORMAT = dwarf;
				ENABLE_STRICT_OBJC_MSGSEND = YES;
				ENABLE_TESTABILITY = YES;
				GCC_C_LANGUAGE_STANDARD = gnu11;
				GCC_DYNAMIC_NO_PIC = NO;
				GCC_NO_COMMON_BLOCKS = YES;
				GCC_OPTIMIZATION_LEVEL = 0;
				GCC_PREPROCESSOR_DEFINITIONS = (
					"DEBUG=1",
					"$(inherited)",
				);
				GCC_WARN_64_TO_32_BIT_CONVERSION = YES;
				GCC_WARN_ABOUT_RETURN_TYPE = YES_ERROR;
				GCC_WARN_UNDECLARED_SELECTOR = YES;
				GCC_WARN_UNINITIALIZED_AUTOS = YES_AGGRESSIVE;
				GCC_WARN_UNUSED_FUNCTION = YES;
				GCC_WARN_UNUSED_VARIABLE = YES;
				IPHONEOS_DEPLOYMENT_TARGET = 12.2;
				MTL_ENABLE_DEBUG_INFO = INCLUDE_SOURCE;
				MTL_FAST_MATH = YES;
				ONLY_ACTIVE_ARCH = YES;
				SDKROOT = iphoneos;
				SWIFT_ACTIVE_COMPILATION_CONDITIONS = DEBUG;
				SWIFT_OPTIMIZATION_LEVEL = "-Onone";
			};
			name = Debug;
		};
		1A7DEBCB2271C6C400152400 /* Release */ = {
			isa = XCBuildConfiguration;
			buildSettings = {
				ALWAYS_SEARCH_USER_PATHS = NO;
				CLANG_ANALYZER_NONNULL = YES;
				CLANG_ANALYZER_NUMBER_OBJECT_CONVERSION = YES_AGGRESSIVE;
				CLANG_CXX_LANGUAGE_STANDARD = "gnu++14";
				CLANG_CXX_LIBRARY = "libc++";
				CLANG_ENABLE_MODULES = YES;
				CLANG_ENABLE_OBJC_ARC = YES;
				CLANG_ENABLE_OBJC_WEAK = YES;
				CLANG_WARN_BLOCK_CAPTURE_AUTORELEASING = YES;
				CLANG_WARN_BOOL_CONVERSION = YES;
				CLANG_WARN_COMMA = YES;
				CLANG_WARN_CONSTANT_CONVERSION = YES;
				CLANG_WARN_DEPRECATED_OBJC_IMPLEMENTATIONS = YES;
				CLANG_WARN_DIRECT_OBJC_ISA_USAGE = YES_ERROR;
				CLANG_WARN_DOCUMENTATION_COMMENTS = YES;
				CLANG_WARN_EMPTY_BODY = YES;
				CLANG_WARN_ENUM_CONVERSION = YES;
				CLANG_WARN_INFINITE_RECURSION = YES;
				CLANG_WARN_INT_CONVERSION = YES;
				CLANG_WARN_NON_LITERAL_NULL_CONVERSION = YES;
				CLANG_WARN_OBJC_IMPLICIT_RETAIN_SELF = YES;
				CLANG_WARN_OBJC_LITERAL_CONVERSION = YES;
				CLANG_WARN_OBJC_ROOT_CLASS = YES_ERROR;
				CLANG_WARN_RANGE_LOOP_ANALYSIS = YES;
				CLANG_WARN_STRICT_PROTOTYPES = YES;
				CLANG_WARN_SUSPICIOUS_MOVE = YES;
				CLANG_WARN_UNGUARDED_AVAILABILITY = YES_AGGRESSIVE;
				CLANG_WARN_UNREACHABLE_CODE = YES;
				CLANG_WARN__DUPLICATE_METHOD_MATCH = YES;
				CODE_SIGN_IDENTITY = "iPhone Developer";
				COPY_PHASE_STRIP = NO;
				DEBUG_INFORMATION_FORMAT = "dwarf-with-dsym";
				ENABLE_NS_ASSERTIONS = NO;
				ENABLE_STRICT_OBJC_MSGSEND = YES;
				GCC_C_LANGUAGE_STANDARD = gnu11;
				GCC_NO_COMMON_BLOCKS = YES;
				GCC_WARN_64_TO_32_BIT_CONVERSION = YES;
				GCC_WARN_ABOUT_RETURN_TYPE = YES_ERROR;
				GCC_WARN_UNDECLARED_SELECTOR = YES;
				GCC_WARN_UNINITIALIZED_AUTOS = YES_AGGRESSIVE;
				GCC_WARN_UNUSED_FUNCTION = YES;
				GCC_WARN_UNUSED_VARIABLE = YES;
				IPHONEOS_DEPLOYMENT_TARGET = 12.2;
				MTL_ENABLE_DEBUG_INFO = NO;
				MTL_FAST_MATH = YES;
				SDKROOT = iphoneos;
				SWIFT_COMPILATION_MODE = wholemodule;
				SWIFT_OPTIMIZATION_LEVEL = "-O";
				VALIDATE_PRODUCT = YES;
			};
			name = Release;
		};
		1A7DEBCD2271C6C400152400 /* Debug */ = {
			isa = XCBuildConfiguration;
			buildSettings = {
				ASSETCATALOG_COMPILER_COMPLICATION_NAME = Complication;
				CODE_SIGN_STYLE = Automatic;
				DEVELOPMENT_TEAM = 344A2S9474;
				INFOPLIST_FILE = "TestWatchApplication WatchKit Extension/Info.plist";
				LD_RUNPATH_SEARCH_PATHS = (
					"$(inherited)",
					"@executable_path/Frameworks",
					"@executable_path/../../Frameworks",
				);
				PRODUCT_BUNDLE_IDENTIFIER = my.TestWatchApplication.watchkitapp.watchkitextension;
				PRODUCT_NAME = "${TARGET_NAME}";
				SDKROOT = watchos;
				SKIP_INSTALL = YES;
				SWIFT_VERSION = 5.0;
				TARGETED_DEVICE_FAMILY = 4;
				WATCHOS_DEPLOYMENT_TARGET = 5.2;
			};
			name = Debug;
		};
		1A7DEBCE2271C6C400152400 /* Release */ = {
			isa = XCBuildConfiguration;
			buildSettings = {
				ASSETCATALOG_COMPILER_COMPLICATION_NAME = Complication;
				CODE_SIGN_STYLE = Automatic;
				DEVELOPMENT_TEAM = 344A2S9474;
				INFOPLIST_FILE = "TestWatchApplication WatchKit Extension/Info.plist";
				LD_RUNPATH_SEARCH_PATHS = (
					"$(inherited)",
					"@executable_path/Frameworks",
					"@executable_path/../../Frameworks",
				);
				PRODUCT_BUNDLE_IDENTIFIER = my.TestWatchApplication.watchkitapp.watchkitextension;
				PRODUCT_NAME = "${TARGET_NAME}";
				SDKROOT = watchos;
				SKIP_INSTALL = YES;
				SWIFT_VERSION = 5.0;
				TARGETED_DEVICE_FAMILY = 4;
				WATCHOS_DEPLOYMENT_TARGET = 5.2;
			};
			name = Release;
		};
		1A7DEBD12271C6C400152400 /* Debug */ = {
			isa = XCBuildConfiguration;
			buildSettings = {
				ALWAYS_EMBED_SWIFT_STANDARD_LIBRARIES = YES;
				ASSETCATALOG_COMPILER_APPICON_NAME = AppIcon;
				CODE_SIGN_STYLE = Automatic;
				DEVELOPMENT_TEAM = 344A2S9474;
				IBSC_MODULE = TestWatchApplication_WatchKit_Extension;
				INFOPLIST_FILE = "TestWatchApplication WatchKit App/Info.plist";
				PRODUCT_BUNDLE_IDENTIFIER = my.TestWatchApplication.watchkitapp;
				PRODUCT_NAME = "$(TARGET_NAME)";
				SDKROOT = watchos;
				SKIP_INSTALL = YES;
				SWIFT_VERSION = 5.0;
				TARGETED_DEVICE_FAMILY = 4;
				WATCHOS_DEPLOYMENT_TARGET = 5.2;
			};
			name = Debug;
		};
		1A7DEBD22271C6C400152400 /* Release */ = {
			isa = XCBuildConfiguration;
			buildSettings = {
				ALWAYS_EMBED_SWIFT_STANDARD_LIBRARIES = YES;
				ASSETCATALOG_COMPILER_APPICON_NAME = AppIcon;
				CODE_SIGN_STYLE = Automatic;
				DEVELOPMENT_TEAM = 344A2S9474;
				IBSC_MODULE = TestWatchApplication_WatchKit_Extension;
				INFOPLIST_FILE = "TestWatchApplication WatchKit App/Info.plist";
				PRODUCT_BUNDLE_IDENTIFIER = my.TestWatchApplication.watchkitapp;
				PRODUCT_NAME = "$(TARGET_NAME)";
				SDKROOT = watchos;
				SKIP_INSTALL = YES;
				SWIFT_VERSION = 5.0;
				TARGETED_DEVICE_FAMILY = 4;
				WATCHOS_DEPLOYMENT_TARGET = 5.2;
			};
			name = Release;
		};
		1A7DEBD52271C6C400152400 /* Debug */ = {
			isa = XCBuildConfiguration;
			buildSettings = {
				ASSETCATALOG_COMPILER_APPICON_NAME = AppIcon;
				CODE_SIGN_ENTITLEMENTS = TestWatchApplication/TestWatchApplication.entitlements;
				CODE_SIGN_STYLE = Automatic;
				DEVELOPMENT_TEAM = 344A2S9474;
				INFOPLIST_FILE = TestWatchApplication/Info.plist;
				LD_RUNPATH_SEARCH_PATHS = (
					"$(inherited)",
					"@executable_path/Frameworks",
				);
				PRODUCT_BUNDLE_IDENTIFIER = my.TestWatchApplication;
				PRODUCT_NAME = "$(TARGET_NAME)";
				SWIFT_VERSION = 5.0;
				TARGETED_DEVICE_FAMILY = "1,2";
			};
			name = Debug;
		};
		1A7DEBD62271C6C400152400 /* Release */ = {
			isa = XCBuildConfiguration;
			buildSettings = {
				ASSETCATALOG_COMPILER_APPICON_NAME = AppIcon;
				CODE_SIGN_ENTITLEMENTS = TestWatchApplication/TestWatchApplication.entitlements;
				CODE_SIGN_STYLE = Automatic;
				DEVELOPMENT_TEAM = 344A2S9474;
				INFOPLIST_FILE = TestWatchApplication/Info.plist;
				LD_RUNPATH_SEARCH_PATHS = (
					"$(inherited)",
					"@executable_path/Frameworks",
				);
				PRODUCT_BUNDLE_IDENTIFIER = my.TestWatchApplication;
				PRODUCT_NAME = "$(TARGET_NAME)";
				SWIFT_VERSION = 5.0;
				TARGETED_DEVICE_FAMILY = "1,2";
			};
			name = Release;
		};
/* End XCBuildConfiguration section */

/* Begin XCConfigurationList section */
		1A7DEB982271C6C100152400 /* Build configuration list for PBXProject "TestWatchApplication" */ = {
			isa = XCConfigurationList;
			buildConfigurations = (
				1A7DEBCA2271C6C400152400 /* Debug */,
				1A7DEBCB2271C6C400152400 /* Release */,
			);
			defaultConfigurationIsVisible = 0;
			defaultConfigurationName = Release;
		};
		1A7DEBCC2271C6C400152400 /* Build configuration list for PBXNativeTarget "TestWatchApplication WatchKit Extension" */ = {
			isa = XCConfigurationList;
			buildConfigurations = (
				1A7DEBCD2271C6C400152400 /* Debug */,
				1A7DEBCE2271C6C400152400 /* Release */,
			);
			defaultConfigurationIsVisible = 0;
			defaultConfigurationName = Release;
		};
		1A7DEBD02271C6C400152400 /* Build configuration list for PBXNativeTarget "TestWatchApplication WatchKit App" */ = {
			isa = XCConfigurationList;
			buildConfigurations = (
				1A7DEBD12271C6C400152400 /* Debug */,
				1A7DEBD22271C6C400152400 /* Release */,
			);
			defaultConfigurationIsVisible = 0;
			defaultConfigurationName = Release;
		};
		1A7DEBD42271C6C400152400 /* Build configuration list for PBXNativeTarget "TestWatchApplication" */ = {
			isa = XCConfigurationList;
			buildConfigurations = (
				1A7DEBD52271C6C400152400 /* Debug */,
				1A7DEBD62271C6C400152400 /* Release */,
			);
			defaultConfigurationIsVisible = 0;
			defaultConfigurationName = Release;
		};
/* End XCConfigurationList section */
	};
	rootObject = 1A7DEB952271C6C100152400 /* Project object */;
}
